
Microsoft Visual Studio Solution File, Format Version 12.00
# Visual Studio Version 16
VisualStudioVersion = 16.0.32126.315
MinimumVisualStudioVersion = 10.0.40219.1
Project("{9A19103F-16F7-4668-BE54-9A1E7A4F7556}") = "AccesoriosArgentinos", "AccesoriosArgentinos.csproj", "{0503AE97-64AA-4887-8E4E-C6A81FBA9176}"
EndProject
Global
	GlobalSection(SolutionConfigurationPlatforms) = preSolution
		Debug|Any CPU = Debug|Any CPU
		Release|Any CPU = Release|Any CPU
	EndGlobalSection
	GlobalSection(ProjectConfigurationPlatforms) = postSolution
		{0503AE97-64AA-4887-8E4E-C6A81FBA9176}.Debug|Any CPU.ActiveCfg = Debug|Any CPU
		{0503AE97-64AA-4887-8E4E-C6A81FBA9176}.Debug|Any CPU.Build.0 = Debug|Any CPU
		{0503AE97-64AA-4887-8E4E-C6A81FBA9176}.Release|Any CPU.ActiveCfg = Release|Any CPU
		{0503AE97-64AA-4887-8E4E-C6A81FBA9176}.Release|Any CPU.Build.0 = Release|Any CPU
	EndGlobalSection
	GlobalSection(SolutionProperties) = preSolution
		HideSolutionNode = FALSE
	EndGlobalSection
	GlobalSection(ExtensibilityGlobals) = postSolution
		SolutionGuid = {C1825533-F08C-496D-B56F-E6600724E0FB}
	EndGlobalSection
EndGlobal
